// !$*UTF8*$!
{
	archiveVersion = 1;
	classes = {
	};
	objectVersion = 50;
	objects = {

/* Begin PBXBuildFile section */
		C225C581225BC2EC0093F8AE /* AppDelegate.swift in Sources */ = {isa = PBXBuildFile; fileRef = C225C580225BC2EC0093F8AE /* AppDelegate.swift */; };
		C225C583225BC2EC0093F8AE /* ViewController.swift in Sources */ = {isa = PBXBuildFile; fileRef = C225C582225BC2EC0093F8AE /* ViewController.swift */; };
		C225C588225BC2EC0093F8AE /* Assets.xcassets in Resources */ = {isa = PBXBuildFile; fileRef = C225C587225BC2EC0093F8AE /* Assets.xcassets */; };
		C225C58B225BC2EC0093F8AE /* LaunchScreen.storyboard in Resources */ = {isa = PBXBuildFile; fileRef = C225C589225BC2EC0093F8AE /* LaunchScreen.storyboard */; };
		C2B7372A225BD2720006D1B8 /* SimpleCounterFeature.framework in Frameworks */ = {isa = PBXBuildFile; fileRef = C2B73729225BD2720006D1B8 /* SimpleCounterFeature.framework */; };
		C2B7372B225BD2720006D1B8 /* SimpleCounterFeature.framework in Embed Frameworks */ = {isa = PBXBuildFile; fileRef = C2B73729225BD2720006D1B8 /* SimpleCounterFeature.framework */; settings = {ATTRIBUTES = (CodeSignOnCopy, RemoveHeadersOnCopy, ); }; };
		C7AC6253716B2D2716345CFF /* Pods_SimpleCounterApp.framework in Frameworks */ = {isa = PBXBuildFile; fileRef = 0BD7EFDED273B1A6E19CE07A /* Pods_SimpleCounterApp.framework */; };
/* End PBXBuildFile section */

/* Begin PBXCopyFilesBuildPhase section */
		C2B7372C225BD2720006D1B8 /* Embed Frameworks */ = {
			isa = PBXCopyFilesBuildPhase;
			buildActionMask = 2147483647;
			dstPath = "";
			dstSubfolderSpec = 10;
			files = (
				C2B7372B225BD2720006D1B8 /* SimpleCounterFeature.framework in Embed Frameworks */,
			);
			name = "Embed Frameworks";
			runOnlyForDeploymentPostprocessing = 0;
		};
/* End PBXCopyFilesBuildPhase section */

/* Begin PBXFileReference section */
		0BD7EFDED273B1A6E19CE07A /* Pods_SimpleCounterApp.framework */ = {isa = PBXFileReference; explicitFileType = wrapper.framework; includeInIndex = 0; path = Pods_SimpleCounterApp.framework; sourceTree = BUILT_PRODUCTS_DIR; };
		9CAF374D109A25A5F7A15546 /* Pods-SimpleCounterApp.debug.xcconfig */ = {isa = PBXFileReference; includeInIndex = 1; lastKnownFileType = text.xcconfig; name = "Pods-SimpleCounterApp.debug.xcconfig"; path = "Target Support Files/Pods-SimpleCounterApp/Pods-SimpleCounterApp.debug.xcconfig"; sourceTree = "<group>"; };
		AD2FD8CA1CC579BFF6E92456 /* Pods-SimpleCounterApp.release.xcconfig */ = {isa = PBXFileReference; includeInIndex = 1; lastKnownFileType = text.xcconfig; name = "Pods-SimpleCounterApp.release.xcconfig"; path = "Target Support Files/Pods-SimpleCounterApp/Pods-SimpleCounterApp.release.xcconfig"; sourceTree = "<group>"; };
		C225C57D225BC2EC0093F8AE /* SimpleCounterApp.app */ = {isa = PBXFileReference; explicitFileType = wrapper.application; includeInIndex = 0; path = SimpleCounterApp.app; sourceTree = BUILT_PRODUCTS_DIR; };
		C225C580225BC2EC0093F8AE /* AppDelegate.swift */ = {isa = PBXFileReference; lastKnownFileType = sourcecode.swift; path = AppDelegate.swift; sourceTree = "<group>"; };
		C225C582225BC2EC0093F8AE /* ViewController.swift */ = {isa = PBXFileReference; lastKnownFileType = sourcecode.swift; path = ViewController.swift; sourceTree = "<group>"; };
		C225C587225BC2EC0093F8AE /* Assets.xcassets */ = {isa = PBXFileReference; lastKnownFileType = folder.assetcatalog; path = Assets.xcassets; sourceTree = "<group>"; };
		C225C58A225BC2EC0093F8AE /* Base */ = {isa = PBXFileReference; lastKnownFileType = file.storyboard; name = Base; path = Base.lproj/LaunchScreen.storyboard; sourceTree = "<group>"; };
		C225C58C225BC2EC0093F8AE /* Info.plist */ = {isa = PBXFileReference; lastKnownFileType = text.plist.xml; path = Info.plist; sourceTree = "<group>"; };
		C2B73729225BD2720006D1B8 /* SimpleCounterFeature.framework */ = {isa = PBXFileReference; explicitFileType = wrapper.framework; path = SimpleCounterFeature.framework; sourceTree = BUILT_PRODUCTS_DIR; };
/* End PBXFileReference section */

/* Begin PBXFrameworksBuildPhase section */
		C225C57A225BC2EC0093F8AE /* Frameworks */ = {
			isa = PBXFrameworksBuildPhase;
			buildActionMask = 2147483647;
			files = (
				C2B7372A225BD2720006D1B8 /* SimpleCounterFeature.framework in Frameworks */,
				C7AC6253716B2D2716345CFF /* Pods_SimpleCounterApp.framework in Frameworks */,
			);
			runOnlyForDeploymentPostprocessing = 0;
		};
/* End PBXFrameworksBuildPhase section */

/* Begin PBXGroup section */
		8F963DF2640295AE8624B709 /* Frameworks */ = {
			isa = PBXGroup;
			children = (
				0BD7EFDED273B1A6E19CE07A /* Pods_SimpleCounterApp.framework */,
			);
			name = Frameworks;
			sourceTree = "<group>";
		};
		C225C574225BC2EC0093F8AE = {
			isa = PBXGroup;
			children = (
				C2B73729225BD2720006D1B8 /* SimpleCounterFeature.framework */,
				C225C57F225BC2EC0093F8AE /* SimpleCounterApp */,
				C225C57E225BC2EC0093F8AE /* Products */,
				D65D8A62EC5A6E397DE994DA /* Pods */,
				8F963DF2640295AE8624B709 /* Frameworks */,
			);
			sourceTree = "<group>";
		};
		C225C57E225BC2EC0093F8AE /* Products */ = {
			isa = PBXGroup;
			children = (
				C225C57D225BC2EC0093F8AE /* SimpleCounterApp.app */,
			);
			name = Products;
			sourceTree = "<group>";
		};
		C225C57F225BC2EC0093F8AE /* SimpleCounterApp */ = {
			isa = PBXGroup;
			children = (
				C225C580225BC2EC0093F8AE /* AppDelegate.swift */,
				C225C582225BC2EC0093F8AE /* ViewController.swift */,
				C225C587225BC2EC0093F8AE /* Assets.xcassets */,
				C225C589225BC2EC0093F8AE /* LaunchScreen.storyboard */,
				C225C58C225BC2EC0093F8AE /* Info.plist */,
			);
			path = SimpleCounterApp;
			sourceTree = "<group>";
		};
		D65D8A62EC5A6E397DE994DA /* Pods */ = {
			isa = PBXGroup;
			children = (
				9CAF374D109A25A5F7A15546 /* Pods-SimpleCounterApp.debug.xcconfig */,
				AD2FD8CA1CC579BFF6E92456 /* Pods-SimpleCounterApp.release.xcconfig */,
			);
			name = Pods;
			path = ../Pods;
			sourceTree = "<group>";
		};
/* End PBXGroup section */

/* Begin PBXNativeTarget section */
		C225C57C225BC2EC0093F8AE /* SimpleCounterApp */ = {
			isa = PBXNativeTarget;
			buildConfigurationList = C225C58F225BC2EC0093F8AE /* Build configuration list for PBXNativeTarget "SimpleCounterApp" */;
			buildPhases = (
				456D486A75009E6AACF8DA86 /* [CP] Check Pods Manifest.lock */,
				C225C579225BC2EC0093F8AE /* Sources */,
				C225C57A225BC2EC0093F8AE /* Frameworks */,
				C225C57B225BC2EC0093F8AE /* Resources */,
				C2B7372C225BD2720006D1B8 /* Embed Frameworks */,
				4022ACF59D6FFE9D5681AD96 /* [CP] Embed Pods Frameworks */,
			);
			buildRules = (
			);
			dependencies = (
			);
			name = SimpleCounterApp;
			productName = SimpleCounterApp;
			productReference = C225C57D225BC2EC0093F8AE /* SimpleCounterApp.app */;
			productType = "com.apple.product-type.application";
		};
/* End PBXNativeTarget section */

/* Begin PBXProject section */
		C225C575225BC2EC0093F8AE /* Project object */ = {
			isa = PBXProject;
			attributes = {
				LastSwiftUpdateCheck = 1010;
				LastUpgradeCheck = 1010;
				ORGANIZATIONNAME = "Alexander Freas";
				TargetAttributes = {
					C225C57C225BC2EC0093F8AE = {
						CreatedOnToolsVersion = 10.1;
					};
				};
			};
			buildConfigurationList = C225C578225BC2EC0093F8AE /* Build configuration list for PBXProject "SimpleCounterApp" */;
			compatibilityVersion = "Xcode 9.3";
			developmentRegion = en;
			hasScannedForEncodings = 0;
			knownRegions = (
				en,
				Base,
			);
			mainGroup = C225C574225BC2EC0093F8AE;
			productRefGroup = C225C57E225BC2EC0093F8AE /* Products */;
			projectDirPath = "";
			projectRoot = "";
			targets = (
				C225C57C225BC2EC0093F8AE /* SimpleCounterApp */,
			);
		};
/* End PBXProject section */

/* Begin PBXResourcesBuildPhase section */
		C225C57B225BC2EC0093F8AE /* Resources */ = {
			isa = PBXResourcesBuildPhase;
			buildActionMask = 2147483647;
			files = (
				C225C58B225BC2EC0093F8AE /* LaunchScreen.storyboard in Resources */,
				C225C588225BC2EC0093F8AE /* Assets.xcassets in Resources */,
			);
			runOnlyForDeploymentPostprocessing = 0;
		};
/* End PBXResourcesBuildPhase section */

/* Begin PBXShellScriptBuildPhase section */
		4022ACF59D6FFE9D5681AD96 /* [CP] Embed Pods Frameworks */ = {
			isa = PBXShellScriptBuildPhase;
			buildActionMask = 2147483647;
			files = (
			);
			inputFileListPaths = (
			);
			inputPaths = (
				"${PODS_ROOT}/Target Support Files/Pods-SimpleCounterApp/Pods-SimpleCounterApp-frameworks.sh",
				"${BUILT_PRODUCTS_DIR}/UICircularProgressRing/UICircularProgressRing.framework",
			);
			name = "[CP] Embed Pods Frameworks";
			outputFileListPaths = (
			);
			outputPaths = (
				"${TARGET_BUILD_DIR}/${FRAMEWORKS_FOLDER_PATH}/UICircularProgressRing.framework",
			);
			runOnlyForDeploymentPostprocessing = 0;
			shellPath = /bin/sh;
			shellScript = "\"${PODS_ROOT}/Target Support Files/Pods-SimpleCounterApp/Pods-SimpleCounterApp-frameworks.sh\"\n";
			showEnvVarsInLog = 0;
		};
		456D486A75009E6AACF8DA86 /* [CP] Check Pods Manifest.lock */ = {
			isa = PBXShellScriptBuildPhase;
			buildActionMask = 2147483647;
			files = (
			);
			inputFileListPaths = (
			);
			inputPaths = (
				"${PODS_PODFILE_DIR_PATH}/Podfile.lock",
				"${PODS_ROOT}/Manifest.lock",
			);
			name = "[CP] Check Pods Manifest.lock";
			outputFileListPaths = (
			);
			outputPaths = (
				"$(DERIVED_FILE_DIR)/Pods-SimpleCounterApp-checkManifestLockResult.txt",
			);
			runOnlyForDeploymentPostprocessing = 0;
			shellPath = /bin/sh;
			shellScript = "diff \"${PODS_PODFILE_DIR_PATH}/Podfile.lock\" \"${PODS_ROOT}/Manifest.lock\" > /dev/null\nif [ $? != 0 ] ; then\n    # print error to STDERR\n    echo \"error: The sandbox is not in sync with the Podfile.lock. Run 'pod install' or update your CocoaPods installation.\" >&2\n    exit 1\nfi\n# This output is used by Xcode 'outputs' to avoid re-running this script phase.\necho \"SUCCESS\" > \"${SCRIPT_OUTPUT_FILE_0}\"\n";
			showEnvVarsInLog = 0;
		};
/* End PBXShellScriptBuildPhase section */

/* Begin PBXSourcesBuildPhase section */
		C225C579225BC2EC0093F8AE /* Sources */ = {
			isa = PBXSourcesBuildPhase;
			buildActionMask = 2147483647;
			files = (
				C225C583225BC2EC0093F8AE /* ViewController.swift in Sources */,
				C225C581225BC2EC0093F8AE /* AppDelegate.swift in Sources */,
			);
			runOnlyForDeploymentPostprocessing = 0;
		};
/* End PBXSourcesBuildPhase section */

/* Begin PBXVariantGroup section */
		C225C589225BC2EC0093F8AE /* LaunchScreen.storyboard */ = {
			isa = PBXVariantGroup;
			children = (
				C225C58A225BC2EC0093F8AE /* Base */,
			);
			name = LaunchScreen.storyboard;
			sourceTree = "<group>";
		};
/* End PBXVariantGroup section */

/* Begin XCBuildConfiguration section */
		C225C58D225BC2EC0093F8AE /* Debug */ = {
			isa = XCBuildConfiguration;
			buildSettings = {
				ALWAYS_SEARCH_USER_PATHS = NO;
				CLANG_ANALYZER_NONNULL = YES;
				CLANG_ANALYZER_NUMBER_OBJECT_CONVERSION = YES_AGGRESSIVE;
				CLANG_CXX_LANGUAGE_STANDARD = "gnu++14";
				CLANG_CXX_LIBRARY = "libc++";
				CLANG_ENABLE_MODULES = YES;
				CLANG_ENABLE_OBJC_ARC = YES;
				CLANG_ENABLE_OBJC_WEAK = YES;
				CLANG_WARN_BLOCK_CAPTURE_AUTORELEASING = YES;
				CLANG_WARN_BOOL_CONVERSION = YES;
				CLANG_WARN_COMMA = YES;
				CLANG_WARN_CONSTANT_CONVERSION = YES;
				CLANG_WARN_DEPRECATED_OBJC_IMPLEMENTATIONS = YES;
				CLANG_WARN_DIRECT_OBJC_ISA_USAGE = YES_ERROR;
				CLANG_WARN_DOCUMENTATION_COMMENTS = YES;
				CLANG_WARN_EMPTY_BODY = YES;
				CLANG_WARN_ENUM_CONVERSION = YES;
				CLANG_WARN_INFINITE_RECURSION = YES;
				CLANG_WARN_INT_CONVERSION = YES;
				CLANG_WARN_NON_LITERAL_NULL_CONVERSION = YES;
				CLANG_WARN_OBJC_IMPLICIT_RETAIN_SELF = YES;
				CLANG_WARN_OBJC_LITERAL_CONVERSION = YES;
				CLANG_WARN_OBJC_ROOT_CLASS = YES_ERROR;
				CLANG_WARN_RANGE_LOOP_ANALYSIS = YES;
				CLANG_WARN_STRICT_PROTOTYPES = YES;
				CLANG_WARN_SUSPICIOUS_MOVE = YES;
				CLANG_WARN_UNGUARDED_AVAILABILITY = YES_AGGRESSIVE;
				CLANG_WARN_UNREACHABLE_CODE = YES;
				CLANG_WARN__DUPLICATE_METHOD_MATCH = YES;
				CODE_SIGN_IDENTITY = "iPhone Developer";
				COPY_PHASE_STRIP = NO;
				DEBUG_INFORMATION_FORMAT = dwarf;
				ENABLE_STRICT_OBJC_MSGSEND = YES;
				ENABLE_TESTABILITY = YES;
				GCC_C_LANGUAGE_STANDARD = gnu11;
				GCC_DYNAMIC_NO_PIC = NO;
				GCC_NO_COMMON_BLOCKS = YES;
				GCC_OPTIMIZATION_LEVEL = 0;
				GCC_PREPROCESSOR_DEFINITIONS = (
					"DEBUG=1",
					"$(inherited)",
				);
				GCC_WARN_64_TO_32_BIT_CONVERSION = YES;
				GCC_WARN_ABOUT_RETURN_TYPE = YES_ERROR;
				GCC_WARN_UNDECLARED_SELECTOR = YES;
				GCC_WARN_UNINITIALIZED_AUTOS = YES_AGGRESSIVE;
				GCC_WARN_UNUSED_FUNCTION = YES;
				GCC_WARN_UNUSED_VARIABLE = YES;
				IPHONEOS_DEPLOYMENT_TARGET = 12.1;
				MTL_ENABLE_DEBUG_INFO = INCLUDE_SOURCE;
				MTL_FAST_MATH = YES;
				ONLY_ACTIVE_ARCH = YES;
				SDKROOT = iphoneos;
				SWIFT_ACTIVE_COMPILATION_CONDITIONS = DEBUG;
				SWIFT_OPTIMIZATION_LEVEL = "-Onone";
			};
			name = Debug;
		};
		C225C58E225BC2EC0093F8AE /* Release */ = {
			isa = XCBuildConfiguration;
			buildSettings = {
				ALWAYS_SEARCH_USER_PATHS = NO;
				CLANG_ANALYZER_NONNULL = YES;
				CLANG_ANALYZER_NUMBER_OBJECT_CONVERSION = YES_AGGRESSIVE;
				CLANG_CXX_LANGUAGE_STANDARD = "gnu++14";
				CLANG_CXX_LIBRARY = "libc++";
				CLANG_ENABLE_MODULES = YES;
				CLANG_ENABLE_OBJC_ARC = YES;
				CLANG_ENABLE_OBJC_WEAK = YES;
				CLANG_WARN_BLOCK_CAPTURE_AUTORELEASING = YES;
				CLANG_WARN_BOOL_CONVERSION = YES;
				CLANG_WARN_COMMA = YES;
				CLANG_WARN_CONSTANT_CONVERSION = YES;
				CLANG_WARN_DEPRECATED_OBJC_IMPLEMENTATIONS = YES;
				CLANG_WARN_DIRECT_OBJC_ISA_USAGE = YES_ERROR;
				CLANG_WARN_DOCUMENTATION_COMMENTS = YES;
				CLANG_WARN_EMPTY_BODY = YES;
				CLANG_WARN_ENUM_CONVERSION = YES;
				CLANG_WARN_INFINITE_RECURSION = YES;
				CLANG_WARN_INT_CONVERSION = YES;
				CLANG_WARN_NON_LITERAL_NULL_CONVERSION = YES;
				CLANG_WARN_OBJC_IMPLICIT_RETAIN_SELF = YES;
				CLANG_WARN_OBJC_LITERAL_CONVERSION = YES;
				CLANG_WARN_OBJC_ROOT_CLASS = YES_ERROR;
				CLANG_WARN_RANGE_LOOP_ANALYSIS = YES;
				CLANG_WARN_STRICT_PROTOTYPES = YES;
				CLANG_WARN_SUSPICIOUS_MOVE = YES;
				CLANG_WARN_UNGUARDED_AVAILABILITY = YES_AGGRESSIVE;
				CLANG_WARN_UNREACHABLE_CODE = YES;
				CLANG_WARN__DUPLICATE_METHOD_MATCH = YES;
				CODE_SIGN_IDENTITY = "iPhone Developer";
				COPY_PHASE_STRIP = NO;
				DEBUG_INFORMATION_FORMAT = "dwarf-with-dsym";
				ENABLE_NS_ASSERTIONS = NO;
				ENABLE_STRICT_OBJC_MSGSEND = YES;
				GCC_C_LANGUAGE_STANDARD = gnu11;
				GCC_NO_COMMON_BLOCKS = YES;
				GCC_WARN_64_TO_32_BIT_CONVERSION = YES;
				GCC_WARN_ABOUT_RETURN_TYPE = YES_ERROR;
				GCC_WARN_UNDECLARED_SELECTOR = YES;
				GCC_WARN_UNINITIALIZED_AUTOS = YES_AGGRESSIVE;
				GCC_WARN_UNUSED_FUNCTION = YES;
				GCC_WARN_UNUSED_VARIABLE = YES;
				IPHONEOS_DEPLOYMENT_TARGET = 12.1;
				MTL_ENABLE_DEBUG_INFO = NO;
				MTL_FAST_MATH = YES;
				SDKROOT = iphoneos;
				SWIFT_COMPILATION_MODE = wholemodule;
				SWIFT_OPTIMIZATION_LEVEL = "-O";
				VALIDATE_PRODUCT = YES;
			};
			name = Release;
		};
		C225C590225BC2EC0093F8AE /* Debug */ = {
			isa = XCBuildConfiguration;
			baseConfigurationReference = 9CAF374D109A25A5F7A15546 /* Pods-SimpleCounterApp.debug.xcconfig */;
			buildSettings = {
				ASSETCATALOG_COMPILER_APPICON_NAME = AppIcon;
				CODE_SIGN_STYLE = Automatic;
				DEVELOPMENT_TEAM = KGJCC745S9;
				INFOPLIST_FILE = SimpleCounterApp/Info.plist;
				LD_RUNPATH_SEARCH_PATHS = (
					"$(inherited)",
					"@executable_path/Frameworks",
				);
				OTHER_SWIFT_FLAGS = "$(inherited) -D COCOAPODS -D USE_FRAMEWORKS";
				PRODUCT_BUNDLE_IDENTIFIER = com.sashimiblade.SimpleCounterApp;
				PRODUCT_NAME = "$(TARGET_NAME)";
				SWIFT_VERSION = 4.2;
				TARGETED_DEVICE_FAMILY = "1,2";
			};
			name = Debug;
		};
		C225C591225BC2EC0093F8AE /* Release */ = {
			isa = XCBuildConfiguration;
			baseConfigurationReference = AD2FD8CA1CC579BFF6E92456 /* Pods-SimpleCounterApp.release.xcconfig */;
			buildSettings = {
				ASSETCATALOG_COMPILER_APPICON_NAME = AppIcon;
				CODE_SIGN_STYLE = Automatic;
				DEVELOPMENT_TEAM = KGJCC745S9;
				INFOPLIST_FILE = SimpleCounterApp/Info.plist;
				LD_RUNPATH_SEARCH_PATHS = (
					"$(inherited)",
					"@executable_path/Frameworks",
				);
				OTHER_SWIFT_FLAGS = "$(inherited) -D COCOAPODS -D USE_FRAMEWORKS";
				PRODUCT_BUNDLE_IDENTIFIER = com.sashimiblade.SimpleCounterApp;
				PRODUCT_NAME = "$(TARGET_NAME)";
				SWIFT_VERSION = 4.2;
				TARGETED_DEVICE_FAMILY = "1,2";
			};
			name = Release;
		};
/* End XCBuildConfiguration section */

/* Begin XCConfigurationList section */
		C225C578225BC2EC0093F8AE /* Build configuration list for PBXProject "SimpleCounterApp" */ = {
			isa = XCConfigurationList;
			buildConfigurations = (
				C225C58D225BC2EC0093F8AE /* Debug */,
				C225C58E225BC2EC0093F8AE /* Release */,
			);
			defaultConfigurationIsVisible = 0;
			defaultConfigurationName = Release;
		};
		C225C58F225BC2EC0093F8AE /* Build configuration list for PBXNativeTarget "SimpleCounterApp" */ = {
			isa = XCConfigurationList;
			buildConfigurations = (
				C225C590225BC2EC0093F8AE /* Debug */,
				C225C591225BC2EC0093F8AE /* Release */,
			);
			defaultConfigurationIsVisible = 0;
			defaultConfigurationName = Release;
		};
/* End XCConfigurationList section */
	};
	rootObject = C225C575225BC2EC0093F8AE /* Project object */;
}
